
Microsoft Visual Studio Solution File, Format Version 12.00
# Visual Studio Version 17
VisualStudioVersion = 17.4.33205.214
MinimumVisualStudioVersion = 10.0.40219.1
Project("{FAE04EC0-301F-11D3-BF4B-00C04F79EFBC}") = "demo001", "demo001\demo001.csproj", "{E8A3FE38-D26A-42AC-8F83-7BDDCBF4FCAC}"
EndProject
Global
	GlobalSection(SolutionConfigurationPlatforms) = preSolution
		Debug|Any CPU = Debug|Any CPU
		Release|Any CPU = Release|Any CPU
	EndGlobalSection
	GlobalSection(ProjectConfigurationPlatforms) = postSolution
		{E8A3FE38-D26A-42AC-8F83-7BDDCBF4FCAC}.Debug|Any CPU.ActiveCfg = Debug|Any CPU
		{E8A3FE38-D26A-42AC-8F83-7BDDCBF4FCAC}.Debug|Any CPU.Build.0 = Debug|Any CPU
		{E8A3FE38-D26A-42AC-8F83-7BDDCBF4FCAC}.Release|Any CPU.ActiveCfg = Release|Any CPU
		{E8A3FE38-D26A-42AC-8F83-7BDDCBF4FCAC}.Release|Any CPU.Build.0 = Release|Any CPU
	EndGlobalSection
	GlobalSection(SolutionProperties) = preSolution
		HideSolutionNode = FALSE
	EndGlobalSection
	GlobalSection(ExtensibilityGlobals) = postSolution
		SolutionGuid = {9028BFD5-3533-4EFC-ACEC-81031DC383E3}
	EndGlobalSection
EndGlobal
